// !$*UTF8*$!
{
	archiveVersion = 1;
	classes = {
	};
	objectVersion = 46;
	objects = {

/* Begin PBXBuildFile section */
		D19F33081B03AA2E0059E23D /* Foundation.framework in Frameworks */ = {isa = PBXBuildFile; fileRef = D19F33071B03AA2E0059E23D /* Foundation.framework */; };
		D19F330A1B03AA2E0059E23D /* CoreGraphics.framework in Frameworks */ = {isa = PBXBuildFile; fileRef = D19F33091B03AA2E0059E23D /* CoreGraphics.framework */; };
		D19F330C1B03AA2E0059E23D /* UIKit.framework in Frameworks */ = {isa = PBXBuildFile; fileRef = D19F330B1B03AA2E0059E23D /* UIKit.framework */; };
		D19F33121B03AA2E0059E23D /* InfoPlist.strings in Resources */ = {isa = PBXBuildFile; fileRef = D19F33101B03AA2E0059E23D /* InfoPlist.strings */; };
		D19F33141B03AA2E0059E23D /* main.m in Sources */ = {isa = PBXBuildFile; fileRef = D19F33131B03AA2E0059E23D /* main.m */; };
		D19F33181B03AA2E0059E23D /* MAppDelegate.m in Sources */ = {isa = PBXBuildFile; fileRef = D19F33171B03AA2E0059E23D /* MAppDelegate.m */; };
		D19F331B1B03AA2E0059E23D /* Main.storyboard in Resources */ = {isa = PBXBuildFile; fileRef = D19F33191B03AA2E0059E23D /* Main.storyboard */; };
		D19F331E1B03AA2E0059E23D /* MViewController.m in Sources */ = {isa = PBXBuildFile; fileRef = D19F331D1B03AA2E0059E23D /* MViewController.m */; };
		D19F33201B03AA2E0059E23D /* Images.xcassets in Resources */ = {isa = PBXBuildFile; fileRef = D19F331F1B03AA2E0059E23D /* Images.xcassets */; };
		D19F33271B03AA2F0059E23D /* XCTest.framework in Frameworks */ = {isa = PBXBuildFile; fileRef = D19F33261B03AA2F0059E23D /* XCTest.framework */; };
		D19F33281B03AA2F0059E23D /* Foundation.framework in Frameworks */ = {isa = PBXBuildFile; fileRef = D19F33071B03AA2E0059E23D /* Foundation.framework */; };
		D19F33291B03AA2F0059E23D /* UIKit.framework in Frameworks */ = {isa = PBXBuildFile; fileRef = D19F330B1B03AA2E0059E23D /* UIKit.framework */; };
		D19F33311B03AA2F0059E23D /* InfoPlist.strings in Resources */ = {isa = PBXBuildFile; fileRef = D19F332F1B03AA2F0059E23D /* InfoPlist.strings */; };
		D19F33331B03AA2F0059E23D /* Note_AppTests.m in Sources */ = {isa = PBXBuildFile; fileRef = D19F33321B03AA2F0059E23D /* Note_AppTests.m */; };
/* End PBXBuildFile section */

/* Begin PBXContainerItemProxy section */
		D19F332A1B03AA2F0059E23D /* PBXContainerItemProxy */ = {
			isa = PBXContainerItemProxy;
			containerPortal = D19F32FC1B03AA2E0059E23D /* Project object */;
			proxyType = 1;
			remoteGlobalIDString = D19F33031B03AA2E0059E23D;
			remoteInfo = "Note App";
		};
/* End PBXContainerItemProxy section */

/* Begin PBXFileReference section */
		D19F33041B03AA2E0059E23D /* Note App.app */ = {isa = PBXFileReference; explicitFileType = wrapper.application; includeInIndex = 0; path = "Note App.app"; sourceTree = BUILT_PRODUCTS_DIR; };
		D19F33071B03AA2E0059E23D /* Foundation.framework */ = {isa = PBXFileReference; lastKnownFileType = wrapper.framework; name = Foundation.framework; path = System/Library/Frameworks/Foundation.framework; sourceTree = SDKROOT; };
		D19F33091B03AA2E0059E23D /* CoreGraphics.framework */ = {isa = PBXFileReference; lastKnownFileType = wrapper.framework; name = CoreGraphics.framework; path = System/Library/Frameworks/CoreGraphics.framework; sourceTree = SDKROOT; };
		D19F330B1B03AA2E0059E23D /* UIKit.framework */ = {isa = PBXFileReference; lastKnownFileType = wrapper.framework; name = UIKit.framework; path = System/Library/Frameworks/UIKit.framework; sourceTree = SDKROOT; };
		D19F330F1B03AA2E0059E23D /* Note App-Info.plist */ = {isa = PBXFileReference; lastKnownFileType = text.plist.xml; path = "Note App-Info.plist"; sourceTree = "<group>"; };
		D19F33111B03AA2E0059E23D /* en */ = {isa = PBXFileReference; lastKnownFileType = text.plist.strings; name = en; path = en.lproj/InfoPlist.strings; sourceTree = "<group>"; };
		D19F33131B03AA2E0059E23D /* main.m */ = {isa = PBXFileReference; lastKnownFileType = sourcecode.c.objc; path = main.m; sourceTree = "<group>"; };
		D19F33151B03AA2E0059E23D /* Note App-Prefix.pch */ = {isa = PBXFileReference; lastKnownFileType = sourcecode.c.h; path = "Note App-Prefix.pch"; sourceTree = "<group>"; };
		D19F33161B03AA2E0059E23D /* MAppDelegate.h */ = {isa = PBXFileReference; lastKnownFileType = sourcecode.c.h; path = MAppDelegate.h; sourceTree = "<group>"; };
		D19F33171B03AA2E0059E23D /* MAppDelegate.m */ = {isa = PBXFileReference; lastKnownFileType = sourcecode.c.objc; path = MAppDelegate.m; sourceTree = "<group>"; };
		D19F331A1B03AA2E0059E23D /* Base */ = {isa = PBXFileReference; lastKnownFileType = file.storyboard; name = Base; path = Base.lproj/Main.storyboard; sourceTree = "<group>"; };
		D19F331C1B03AA2E0059E23D /* MViewController.h */ = {isa = PBXFileReference; lastKnownFileType = sourcecode.c.h; path = MViewController.h; sourceTree = "<group>"; };
		D19F331D1B03AA2E0059E23D /* MViewController.m */ = {isa = PBXFileReference; lastKnownFileType = sourcecode.c.objc; path = MViewController.m; sourceTree = "<group>"; };
		D19F331F1B03AA2E0059E23D /* Images.xcassets */ = {isa = PBXFileReference; lastKnownFileType = folder.assetcatalog; path = Images.xcassets; sourceTree = "<group>"; };
		D19F33251B03AA2F0059E23D /* Note AppTests.xctest */ = {isa = PBXFileReference; explicitFileType = wrapper.cfbundle; includeInIndex = 0; path = "Note AppTests.xctest"; sourceTree = BUILT_PRODUCTS_DIR; };
		D19F33261B03AA2F0059E23D /* XCTest.framework */ = {isa = PBXFileReference; lastKnownFileType = wrapper.framework; name = XCTest.framework; path = Library/Frameworks/XCTest.framework; sourceTree = DEVELOPER_DIR; };
		D19F332E1B03AA2F0059E23D /* Note AppTests-Info.plist */ = {isa = PBXFileReference; lastKnownFileType = text.plist.xml; path = "Note AppTests-Info.plist"; sourceTree = "<group>"; };
		D19F33301B03AA2F0059E23D /* en */ = {isa = PBXFileReference; lastKnownFileType = text.plist.strings; name = en; path = en.lproj/InfoPlist.strings; sourceTree = "<group>"; };
		D19F33321B03AA2F0059E23D /* Note_AppTests.m */ = {isa = PBXFileReference; lastKnownFileType = sourcecode.c.objc; path = Note_AppTests.m; sourceTree = "<group>"; };
/* End PBXFileReference section */

/* Begin PBXFrameworksBuildPhase section */
		D19F33011B03AA2E0059E23D /* Frameworks */ = {
			isa = PBXFrameworksBuildPhase;
			buildActionMask = 2147483647;
			files = (
				D19F330A1B03AA2E0059E23D /* CoreGraphics.framework in Frameworks */,
				D19F330C1B03AA2E0059E23D /* UIKit.framework in Frameworks */,
				D19F33081B03AA2E0059E23D /* Foundation.framework in Frameworks */,
			);
			runOnlyForDeploymentPostprocessing = 0;
		};
		D19F33221B03AA2F0059E23D /* Frameworks */ = {
			isa = PBXFrameworksBuildPhase;
			buildActionMask = 2147483647;
			files = (
				D19F33271B03AA2F0059E23D /* XCTest.framework in Frameworks */,
				D19F33291B03AA2F0059E23D /* UIKit.framework in Frameworks */,
				D19F33281B03AA2F0059E23D /* Foundation.framework in Frameworks */,
			);
			runOnlyForDeploymentPostprocessing = 0;
		};
/* End PBXFrameworksBuildPhase section */

/* Begin PBXGroup section */
		D19F32FB1B03AA2E0059E23D = {
			isa = PBXGroup;
			children = (
				D19F330D1B03AA2E0059E23D /* Note App */,
				D19F332C1B03AA2F0059E23D /* Note AppTests */,
				D19F33061B03AA2E0059E23D /* Frameworks */,
				D19F33051B03AA2E0059E23D /* Products */,
			);
			sourceTree = "<group>";
		};
		D19F33051B03AA2E0059E23D /* Products */ = {
			isa = PBXGroup;
			children = (
				D19F33041B03AA2E0059E23D /* Note App.app */,
				D19F33251B03AA2F0059E23D /* Note AppTests.xctest */,
			);
			name = Products;
			sourceTree = "<group>";
		};
		D19F33061B03AA2E0059E23D /* Frameworks */ = {
			isa = PBXGroup;
			children = (
				D19F33071B03AA2E0059E23D /* Foundation.framework */,
				D19F33091B03AA2E0059E23D /* CoreGraphics.framework */,
				D19F330B1B03AA2E0059E23D /* UIKit.framework */,
				D19F33261B03AA2F0059E23D /* XCTest.framework */,
			);
			name = Frameworks;
			sourceTree = "<group>";
		};
		D19F330D1B03AA2E0059E23D /* Note App */ = {
			isa = PBXGroup;
			children = (
				D19F33161B03AA2E0059E23D /* MAppDelegate.h */,
				D19F33171B03AA2E0059E23D /* MAppDelegate.m */,
				D19F33191B03AA2E0059E23D /* Main.storyboard */,
				D19F331C1B03AA2E0059E23D /* MViewController.h */,
				D19F331D1B03AA2E0059E23D /* MViewController.m */,
				D19F331F1B03AA2E0059E23D /* Images.xcassets */,
				D19F330E1B03AA2E0059E23D /* Supporting Files */,
			);
			path = "Note App";
			sourceTree = "<group>";
		};
		D19F330E1B03AA2E0059E23D /* Supporting Files */ = {
			isa = PBXGroup;
			children = (
				D19F330F1B03AA2E0059E23D /* Note App-Info.plist */,
				D19F33101B03AA2E0059E23D /* InfoPlist.strings */,
				D19F33131B03AA2E0059E23D /* main.m */,
				D19F33151B03AA2E0059E23D /* Note App-Prefix.pch */,
			);
			name = "Supporting Files";
			sourceTree = "<group>";
		};
		D19F332C1B03AA2F0059E23D /* Note AppTests */ = {
			isa = PBXGroup;
			children = (
				D19F33321B03AA2F0059E23D /* Note_AppTests.m */,
				D19F332D1B03AA2F0059E23D /* Supporting Files */,
			);
			path = "Note AppTests";
			sourceTree = "<group>";
		};
		D19F332D1B03AA2F0059E23D /* Supporting Files */ = {
			isa = PBXGroup;
			children = (
				D19F332E1B03AA2F0059E23D /* Note AppTests-Info.plist */,
				D19F332F1B03AA2F0059E23D /* InfoPlist.strings */,
			);
			name = "Supporting Files";
			sourceTree = "<group>";
		};
/* End PBXGroup section */

/* Begin PBXNativeTarget section */
		D19F33031B03AA2E0059E23D /* Note App */ = {
			isa = PBXNativeTarget;
			buildConfigurationList = D19F33361B03AA2F0059E23D /* Build configuration list for PBXNativeTarget "Note App" */;
			buildPhases = (
				D19F33001B03AA2E0059E23D /* Sources */,
				D19F33011B03AA2E0059E23D /* Frameworks */,
				D19F33021B03AA2E0059E23D /* Resources */,
			);
			buildRules = (
			);
			dependencies = (
			);
			name = "Note App";
			productName = "Note App";
			productReference = D19F33041B03AA2E0059E23D /* Note App.app */;
			productType = "com.apple.product-type.application";
		};
		D19F33241B03AA2F0059E23D /* Note AppTests */ = {
			isa = PBXNativeTarget;
			buildConfigurationList = D19F33391B03AA2F0059E23D /* Build configuration list for PBXNativeTarget "Note AppTests" */;
			buildPhases = (
				D19F33211B03AA2F0059E23D /* Sources */,
				D19F33221B03AA2F0059E23D /* Frameworks */,
				D19F33231B03AA2F0059E23D /* Resources */,
			);
			buildRules = (
			);
			dependencies = (
				D19F332B1B03AA2F0059E23D /* PBXTargetDependency */,
			);
			name = "Note AppTests";
			productName = "Note AppTests";
			productReference = D19F33251B03AA2F0059E23D /* Note AppTests.xctest */;
			productType = "com.apple.product-type.bundle.unit-test";
		};
/* End PBXNativeTarget section */

/* Begin PBXProject section */
		D19F32FC1B03AA2E0059E23D /* Project object */ = {
			isa = PBXProject;
			attributes = {
				CLASSPREFIX = M;
				LastUpgradeCheck = 0500;
				ORGANIZATIONNAME = Mad;
				TargetAttributes = {
					D19F33241B03AA2F0059E23D = {
						TestTargetID = D19F33031B03AA2E0059E23D;
					};
				};
			};
			buildConfigurationList = D19F32FF1B03AA2E0059E23D /* Build configuration list for PBXProject "Note App" */;
			compatibilityVersion = "Xcode 3.2";
			developmentRegion = English;
			hasScannedForEncodings = 0;
			knownRegions = (
				en,
				Base,
			);
			mainGroup = D19F32FB1B03AA2E0059E23D;
			productRefGroup = D19F33051B03AA2E0059E23D /* Products */;
			projectDirPath = "";
			projectRoot = "";
			targets = (
				D19F33031B03AA2E0059E23D /* Note App */,
				D19F33241B03AA2F0059E23D /* Note AppTests */,
			);
		};
/* End PBXProject section */

/* Begin PBXResourcesBuildPhase section */
		D19F33021B03AA2E0059E23D /* Resources */ = {
			isa = PBXResourcesBuildPhase;
			buildActionMask = 2147483647;
			files = (
				D19F33201B03AA2E0059E23D /* Images.xcassets in Resources */,
				D19F33121B03AA2E0059E23D /* InfoPlist.strings in Resources */,
				D19F331B1B03AA2E0059E23D /* Main.storyboard in Resources */,
			);
			runOnlyForDeploymentPostprocessing = 0;
		};
		D19F33231B03AA2F0059E23D /* Resources */ = {
			isa = PBXResourcesBuildPhase;
			buildActionMask = 2147483647;
			files = (
				D19F33311B03AA2F0059E23D /* InfoPlist.strings in Resources */,
			);
			runOnlyForDeploymentPostprocessing = 0;
		};
/* End PBXResourcesBuildPhase section */

/* Begin PBXSourcesBuildPhase section */
		D19F33001B03AA2E0059E23D /* Sources */ = {
			isa = PBXSourcesBuildPhase;
			buildActionMask = 2147483647;
			files = (
				D19F33181B03AA2E0059E23D /* MAppDelegate.m in Sources */,
				D19F33141B03AA2E0059E23D /* main.m in Sources */,
				D19F331E1B03AA2E0059E23D /* MViewController.m in Sources */,
			);
			runOnlyForDeploymentPostprocessing = 0;
		};
		D19F33211B03AA2F0059E23D /* Sources */ = {
			isa = PBXSourcesBuildPhase;
			buildActionMask = 2147483647;
			files = (
				D19F33331B03AA2F0059E23D /* Note_AppTests.m in Sources */,
			);
			runOnlyForDeploymentPostprocessing = 0;
		};
/* End PBXSourcesBuildPhase section */

/* Begin PBXTargetDependency section */
		D19F332B1B03AA2F0059E23D /* PBXTargetDependency */ = {
			isa = PBXTargetDependency;
			target = D19F33031B03AA2E0059E23D /* Note App */;
			targetProxy = D19F332A1B03AA2F0059E23D /* PBXContainerItemProxy */;
		};
/* End PBXTargetDependency section */

/* Begin PBXVariantGroup section */
		D19F33101B03AA2E0059E23D /* InfoPlist.strings */ = {
			isa = PBXVariantGroup;
			children = (
				D19F33111B03AA2E0059E23D /* en */,
			);
			name = InfoPlist.strings;
			sourceTree = "<group>";
		};
		D19F33191B03AA2E0059E23D /* Main.storyboard */ = {
			isa = PBXVariantGroup;
			children = (
				D19F331A1B03AA2E0059E23D /* Base */,
			);
			name = Main.storyboard;
			sourceTree = "<group>";
		};
		D19F332F1B03AA2F0059E23D /* InfoPlist.strings */ = {
			isa = PBXVariantGroup;
			children = (
				D19F33301B03AA2F0059E23D /* en */,
			);
			name = InfoPlist.strings;
			sourceTree = "<group>";
		};
/* End PBXVariantGroup section */

/* Begin XCBuildConfiguration section */
		D19F33341B03AA2F0059E23D /* Debug */ = {
			isa = XCBuildConfiguration;
			buildSettings = {
				ALWAYS_SEARCH_USER_PATHS = NO;
				ARCHS = "$(ARCHS_STANDARD_INCLUDING_64_BIT)";
				CLANG_CXX_LANGUAGE_STANDARD = "gnu++0x";
				CLANG_CXX_LIBRARY = "libc++";
				CLANG_ENABLE_MODULES = YES;
				CLANG_ENABLE_OBJC_ARC = YES;
				CLANG_WARN_BOOL_CONVERSION = YES;
				CLANG_WARN_CONSTANT_CONVERSION = YES;
				CLANG_WARN_DIRECT_OBJC_ISA_USAGE = YES_ERROR;
				CLANG_WARN_EMPTY_BODY = YES;
				CLANG_WARN_ENUM_CONVERSION = YES;
				CLANG_WARN_INT_CONVERSION = YES;
				CLANG_WARN_OBJC_ROOT_CLASS = YES_ERROR;
				CLANG_WARN__DUPLICATE_METHOD_MATCH = YES;
				"CODE_SIGN_IDENTITY[sdk=iphoneos*]" = "iPhone Developer";
				COPY_PHASE_STRIP = NO;
				GCC_C_LANGUAGE_STANDARD = gnu99;
				GCC_DYNAMIC_NO_PIC = NO;
				GCC_OPTIMIZATION_LEVEL = 0;
				GCC_PREPROCESSOR_DEFINITIONS = (
					"DEBUG=1",
					"$(inherited)",
				);
				GCC_SYMBOLS_PRIVATE_EXTERN = NO;
				GCC_WARN_64_TO_32_BIT_CONVERSION = YES;
				GCC_WARN_ABOUT_RETURN_TYPE = YES_ERROR;
				GCC_WARN_UNDECLARED_SELECTOR = YES;
				GCC_WARN_UNINITIALIZED_AUTOS = YES;
				GCC_WARN_UNUSED_FUNCTION = YES;
				GCC_WARN_UNUSED_VARIABLE = YES;
				IPHONEOS_DEPLOYMENT_TARGET = 7.0;
				ONLY_ACTIVE_ARCH = YES;
				SDKROOT = iphoneos;
			};
			name = Debug;
		};
		D19F33351B03AA2F0059E23D /* Release */ = {
			isa = XCBuildConfiguration;
			buildSettings = {
				ALWAYS_SEARCH_USER_PATHS = NO;
				ARCHS = "$(ARCHS_STANDARD_INCLUDING_64_BIT)";
				CLANG_CXX_LANGUAGE_STANDARD = "gnu++0x";
				CLANG_CXX_LIBRARY = "libc++";
				CLANG_ENABLE_MODULES = YES;
				CLANG_ENABLE_OBJC_ARC = YES;
				CLANG_WARN_BOOL_CONVERSION = YES;
				CLANG_WARN_CONSTANT_CONVERSION = YES;
				CLANG_WARN_DIRECT_OBJC_ISA_USAGE = YES_ERROR;
				CLANG_WARN_EMPTY_BODY = YES;
				CLANG_WARN_ENUM_CONVERSION = YES;
				CLANG_WARN_INT_CONVERSION = YES;
				CLANG_WARN_OBJC_ROOT_CLASS = YES_ERROR;
				CLANG_WARN__DUPLICATE_METHOD_MATCH = YES;
				"CODE_SIGN_IDENTITY[sdk=iphoneos*]" = "iPhone Developer";
				COPY_PHASE_STRIP = YES;
				ENABLE_NS_ASSERTIONS = NO;
				GCC_C_LANGUAGE_STANDARD = gnu99;
				GCC_WARN_64_TO_32_BIT_CONVERSION = YES;
				GCC_WARN_ABOUT_RETURN_TYPE = YES_ERROR;
				GCC_WARN_UNDECLARED_SELECTOR = YES;
				GCC_WARN_UNINITIALIZED_AUTOS = YES;
				GCC_WARN_UNUSED_FUNCTION = YES;
				GCC_WARN_UNUSED_VARIABLE = YES;
				IPHONEOS_DEPLOYMENT_TARGET = 7.0;
				SDKROOT = iphoneos;
				VALIDATE_PRODUCT = YES;
			};
			name = Release;
		};
		D19F33371B03AA2F0059E23D /* Debug */ = {
			isa = XCBuildConfiguration;
			buildSettings = {
				ASSETCATALOG_COMPILER_APPICON_NAME = AppIcon;
				ASSETCATALOG_COMPILER_LAUNCHIMAGE_NAME = LaunchImage;
				GCC_PRECOMPILE_PREFIX_HEADER = YES;
				GCC_PREFIX_HEADER = "Note App/Note App-Prefix.pch";
				INFOPLIST_FILE = "Note App/Note App-Info.plist";
				PRODUCT_NAME = "$(TARGET_NAME)";
				WRAPPER_EXTENSION = app;
			};
			name = Debug;
		};
		D19F33381B03AA2F0059E23D /* Release */ = {
			isa = XCBuildConfiguration;
			buildSettings = {
				ASSETCATALOG_COMPILER_APPICON_NAME = AppIcon;
				ASSETCATALOG_COMPILER_LAUNCHIMAGE_NAME = LaunchImage;
				GCC_PRECOMPILE_PREFIX_HEADER = YES;
				GCC_PREFIX_HEADER = "Note App/Note App-Prefix.pch";
				INFOPLIST_FILE = "Note App/Note App-Info.plist";
				PRODUCT_NAME = "$(TARGET_NAME)";
				WRAPPER_EXTENSION = app;
			};
			name = Release;
		};
		D19F333A1B03AA2F0059E23D /* Debug */ = {
			isa = XCBuildConfiguration;
			buildSettings = {
				ARCHS = "$(ARCHS_STANDARD_INCLUDING_64_BIT)";
				BUNDLE_LOADER = "$(BUILT_PRODUCTS_DIR)/Note App.app/Note App";
				FRAMEWORK_SEARCH_PATHS = (
					"$(SDKROOT)/Developer/Library/Frameworks",
					"$(inherited)",
					"$(DEVELOPER_FRAMEWORKS_DIR)",
				);
				GCC_PRECOMPILE_PREFIX_HEADER = YES;
				GCC_PREFIX_HEADER = "Note App/Note App-Prefix.pch";
				GCC_PREPROCESSOR_DEFINITIONS = (
					"DEBUG=1",
					"$(inherited)",
				);
				INFOPLIST_FILE = "Note AppTests/Note AppTests-Info.plist";
				PRODUCT_NAME = "$(TARGET_NAME)";
				TEST_HOST = "$(BUNDLE_LOADER)";
				WRAPPER_EXTENSION = xctest;
			};
			name = Debug;
		};
		D19F333B1B03AA2F0059E23D /* Release */ = {
			isa = XCBuildConfiguration;
			buildSettings = {
				ARCHS = "$(ARCHS_STANDARD_INCLUDING_64_BIT)";
				BUNDLE_LOADER = "$(BUILT_PRODUCTS_DIR)/Note App.app/Note App";
				FRAMEWORK_SEARCH_PATHS = (
					"$(SDKROOT)/Developer/Library/Frameworks",
					"$(inherited)",
					"$(DEVELOPER_FRAMEWORKS_DIR)",
				);
				GCC_PRECOMPILE_PREFIX_HEADER = YES;
				GCC_PREFIX_HEADER = "Note App/Note App-Prefix.pch";
				INFOPLIST_FILE = "Note AppTests/Note AppTests-Info.plist";
				PRODUCT_NAME = "$(TARGET_NAME)";
				TEST_HOST = "$(BUNDLE_LOADER)";
				WRAPPER_EXTENSION = xctest;
			};
			name = Release;
		};
/* End XCBuildConfiguration section */

/* Begin XCConfigurationList section */
		D19F32FF1B03AA2E0059E23D /* Build configuration list for PBXProject "Note App" */ = {
			isa = XCConfigurationList;
			buildConfigurations = (
				D19F33341B03AA2F0059E23D /* Debug */,
				D19F33351B03AA2F0059E23D /* Release */,
			);
			defaultConfigurationIsVisible = 0;
			defaultConfigurationName = Release;
		};
		D19F33361B03AA2F0059E23D /* Build configuration list for PBXNativeTarget "Note App" */ = {
			isa = XCConfigurationList;
			buildConfigurations = (
				D19F33371B03AA2F0059E23D /* Debug */,
				D19F33381B03AA2F0059E23D /* Release */,
			);
			defaultConfigurationIsVisible = 0;
		};
		D19F33391B03AA2F0059E23D /* Build configuration list for PBXNativeTarget "Note AppTests" */ = {
			isa = XCConfigurationList;
			buildConfigurations = (
				D19F333A1B03AA2F0059E23D /* Debug */,
				D19F333B1B03AA2F0059E23D /* Release */,
			);
			defaultConfigurationIsVisible = 0;
		};
/* End XCConfigurationList section */
	};
	rootObject = D19F32FC1B03AA2E0059E23D /* Project object */;
}
